// !$*UTF8*$!
{
	archiveVersion = 1;
	classes = {
	};
	objectVersion = 56;
	objects = {

/* Begin PBXBuildFile section */
		B4099EE32AC93C9D00000B65 /* SphereeApp.swift in Sources */ = {isa = PBXBuildFile; fileRef = B4099EE22AC93C9D00000B65 /* SphereeApp.swift */; };
		B4099EE52AC93C9D00000B65 /* ContentView.swift in Sources */ = {isa = PBXBuildFile; fileRef = B4099EE42AC93C9D00000B65 /* ContentView.swift */; };
		B4099EE72AC93C9F00000B65 /* Assets.xcassets in Resources */ = {isa = PBXBuildFile; fileRef = B4099EE62AC93C9F00000B65 /* Assets.xcassets */; };
		B4099EEB2AC93C9F00000B65 /* Preview Assets.xcassets in Resources */ = {isa = PBXBuildFile; fileRef = B4099EEA2AC93C9F00000B65 /* Preview Assets.xcassets */; };
		B4099EF52AC93C9F00000B65 /* SphereeTests.swift in Sources */ = {isa = PBXBuildFile; fileRef = B4099EF42AC93C9F00000B65 /* SphereeTests.swift */; };
		B4099EFF2AC93C9F00000B65 /* SphereeUITests.swift in Sources */ = {isa = PBXBuildFile; fileRef = B4099EFE2AC93C9F00000B65 /* SphereeUITests.swift */; };
		B4099F012AC93C9F00000B65 /* SphereeUITestsLaunchTests.swift in Sources */ = {isa = PBXBuildFile; fileRef = B4099F002AC93C9F00000B65 /* SphereeUITestsLaunchTests.swift */; };
/* End PBXBuildFile section */

/* Begin PBXContainerItemProxy section */
		B4099EF12AC93C9F00000B65 /* PBXContainerItemProxy */ = {
			isa = PBXContainerItemProxy;
			containerPortal = B4099ED72AC93C9D00000B65 /* Project object */;
			proxyType = 1;
			remoteGlobalIDString = B4099EDE2AC93C9D00000B65;
			remoteInfo = Spheree;
		};
		B4099EFB2AC93C9F00000B65 /* PBXContainerItemProxy */ = {
			isa = PBXContainerItemProxy;
			containerPortal = B4099ED72AC93C9D00000B65 /* Project object */;
			proxyType = 1;
			remoteGlobalIDString = B4099EDE2AC93C9D00000B65;
			remoteInfo = Spheree;
		};
/* End PBXContainerItemProxy section */

/* Begin PBXFileReference section */
		B4099EDF2AC93C9D00000B65 /* Spheree.app */ = {isa = PBXFileReference; explicitFileType = wrapper.application; includeInIndex = 0; path = Spheree.app; sourceTree = BUILT_PRODUCTS_DIR; };
		B4099EE22AC93C9D00000B65 /* SphereeApp.swift */ = {isa = PBXFileReference; lastKnownFileType = sourcecode.swift; path = SphereeApp.swift; sourceTree = "<group>"; };
		B4099EE42AC93C9D00000B65 /* ContentView.swift */ = {isa = PBXFileReference; lastKnownFileType = sourcecode.swift; path = ContentView.swift; sourceTree = "<group>"; };
		B4099EE62AC93C9F00000B65 /* Assets.xcassets */ = {isa = PBXFileReference; lastKnownFileType = folder.assetcatalog; path = Assets.xcassets; sourceTree = "<group>"; };
		B4099EE82AC93C9F00000B65 /* Spheree.entitlements */ = {isa = PBXFileReference; lastKnownFileType = text.plist.entitlements; path = Spheree.entitlements; sourceTree = "<group>"; };
		B4099EEA2AC93C9F00000B65 /* Preview Assets.xcassets */ = {isa = PBXFileReference; lastKnownFileType = folder.assetcatalog; path = "Preview Assets.xcassets"; sourceTree = "<group>"; };
		B4099EF02AC93C9F00000B65 /* SphereeTests.xctest */ = {isa = PBXFileReference; explicitFileType = wrapper.cfbundle; includeInIndex = 0; path = SphereeTests.xctest; sourceTree = BUILT_PRODUCTS_DIR; };
		B4099EF42AC93C9F00000B65 /* SphereeTests.swift */ = {isa = PBXFileReference; lastKnownFileType = sourcecode.swift; path = SphereeTests.swift; sourceTree = "<group>"; };
		B4099EFA2AC93C9F00000B65 /* SphereeUITests.xctest */ = {isa = PBXFileReference; explicitFileType = wrapper.cfbundle; includeInIndex = 0; path = SphereeUITests.xctest; sourceTree = BUILT_PRODUCTS_DIR; };
		B4099EFE2AC93C9F00000B65 /* SphereeUITests.swift */ = {isa = PBXFileReference; lastKnownFileType = sourcecode.swift; path = SphereeUITests.swift; sourceTree = "<group>"; };
		B4099F002AC93C9F00000B65 /* SphereeUITestsLaunchTests.swift */ = {isa = PBXFileReference; lastKnownFileType = sourcecode.swift; path = SphereeUITestsLaunchTests.swift; sourceTree = "<group>"; };
/* End PBXFileReference section */

/* Begin PBXFrameworksBuildPhase section */
		B4099EDC2AC93C9D00000B65 /* Frameworks */ = {
			isa = PBXFrameworksBuildPhase;
			buildActionMask = 2147483647;
			files = (
			);
			runOnlyForDeploymentPostprocessing = 0;
		};
		B4099EED2AC93C9F00000B65 /* Frameworks */ = {
			isa = PBXFrameworksBuildPhase;
			buildActionMask = 2147483647;
			files = (
			);
			runOnlyForDeploymentPostprocessing = 0;
		};
		B4099EF72AC93C9F00000B65 /* Frameworks */ = {
			isa = PBXFrameworksBuildPhase;
			buildActionMask = 2147483647;
			files = (
			);
			runOnlyForDeploymentPostprocessing = 0;
		};
/* End PBXFrameworksBuildPhase section */

/* Begin PBXGroup section */
		B4099ED62AC93C9D00000B65 = {
			isa = PBXGroup;
			children = (
				B4099EE12AC93C9D00000B65 /* Spheree */,
				B4099EF32AC93C9F00000B65 /* SphereeTests */,
				B4099EFD2AC93C9F00000B65 /* SphereeUITests */,
				B4099EE02AC93C9D00000B65 /* Products */,
			);
			sourceTree = "<group>";
		};
		B4099EE02AC93C9D00000B65 /* Products */ = {
			isa = PBXGroup;
			children = (
				B4099EDF2AC93C9D00000B65 /* Spheree.app */,
				B4099EF02AC93C9F00000B65 /* SphereeTests.xctest */,
				B4099EFA2AC93C9F00000B65 /* SphereeUITests.xctest */,
			);
			name = Products;
			sourceTree = "<group>";
		};
		B4099EE12AC93C9D00000B65 /* Spheree */ = {
			isa = PBXGroup;
			children = (
				B4099EE22AC93C9D00000B65 /* SphereeApp.swift */,
				B4099EE42AC93C9D00000B65 /* ContentView.swift */,
				B4099EE62AC93C9F00000B65 /* Assets.xcassets */,
				B4099EE82AC93C9F00000B65 /* Spheree.entitlements */,
				B4099EE92AC93C9F00000B65 /* Preview Content */,
			);
			path = Spheree;
			sourceTree = "<group>";
		};
		B4099EE92AC93C9F00000B65 /* Preview Content */ = {
			isa = PBXGroup;
			children = (
				B4099EEA2AC93C9F00000B65 /* Preview Assets.xcassets */,
			);
			path = "Preview Content";
			sourceTree = "<group>";
		};
		B4099EF32AC93C9F00000B65 /* SphereeTests */ = {
			isa = PBXGroup;
			children = (
				B4099EF42AC93C9F00000B65 /* SphereeTests.swift */,
			);
			path = SphereeTests;
			sourceTree = "<group>";
		};
		B4099EFD2AC93C9F00000B65 /* SphereeUITests */ = {
			isa = PBXGroup;
			children = (
				B4099EFE2AC93C9F00000B65 /* SphereeUITests.swift */,
				B4099F002AC93C9F00000B65 /* SphereeUITestsLaunchTests.swift */,
			);
			path = SphereeUITests;
			sourceTree = "<group>";
		};
/* End PBXGroup section */

/* Begin PBXNativeTarget section */
		B4099EDE2AC93C9D00000B65 /* Spheree */ = {
			isa = PBXNativeTarget;
			buildConfigurationList = B4099F042AC93C9F00000B65 /* Build configuration list for PBXNativeTarget "Spheree" */;
			buildPhases = (
				B4099EDB2AC93C9D00000B65 /* Sources */,
				B4099EDC2AC93C9D00000B65 /* Frameworks */,
				B4099EDD2AC93C9D00000B65 /* Resources */,
			);
			buildRules = (
			);
			dependencies = (
			);
			name = Spheree;
			productName = Spheree;
			productReference = B4099EDF2AC93C9D00000B65 /* Spheree.app */;
			productType = "com.apple.product-type.application";
		};
		B4099EEF2AC93C9F00000B65 /* SphereeTests */ = {
			isa = PBXNativeTarget;
			buildConfigurationList = B4099F072AC93C9F00000B65 /* Build configuration list for PBXNativeTarget "SphereeTests" */;
			buildPhases = (
				B4099EEC2AC93C9F00000B65 /* Sources */,
				B4099EED2AC93C9F00000B65 /* Frameworks */,
				B4099EEE2AC93C9F00000B65 /* Resources */,
			);
			buildRules = (
			);
			dependencies = (
				B4099EF22AC93C9F00000B65 /* PBXTargetDependency */,
			);
			name = SphereeTests;
			productName = SphereeTests;
			productReference = B4099EF02AC93C9F00000B65 /* SphereeTests.xctest */;
			productType = "com.apple.product-type.bundle.unit-test";
		};
		B4099EF92AC93C9F00000B65 /* SphereeUITests */ = {
			isa = PBXNativeTarget;
			buildConfigurationList = B4099F0A2AC93C9F00000B65 /* Build configuration list for PBXNativeTarget "SphereeUITests" */;
			buildPhases = (
				B4099EF62AC93C9F00000B65 /* Sources */,
				B4099EF72AC93C9F00000B65 /* Frameworks */,
				B4099EF82AC93C9F00000B65 /* Resources */,
			);
			buildRules = (
			);
			dependencies = (
				B4099EFC2AC93C9F00000B65 /* PBXTargetDependency */,
			);
			name = SphereeUITests;
			productName = SphereeUITests;
			productReference = B4099EFA2AC93C9F00000B65 /* SphereeUITests.xctest */;
			productType = "com.apple.product-type.bundle.ui-testing";
		};
/* End PBXNativeTarget section */

/* Begin PBXProject section */
		B4099ED72AC93C9D00000B65 /* Project object */ = {
			isa = PBXProject;
			attributes = {
				BuildIndependentTargetsInParallel = 1;
				LastSwiftUpdateCheck = 1430;
				LastUpgradeCheck = 1430;
				TargetAttributes = {
					B4099EDE2AC93C9D00000B65 = {
						CreatedOnToolsVersion = 14.3.1;
					};
					B4099EEF2AC93C9F00000B65 = {
						CreatedOnToolsVersion = 14.3.1;
						TestTargetID = B4099EDE2AC93C9D00000B65;
					};
					B4099EF92AC93C9F00000B65 = {
						CreatedOnToolsVersion = 14.3.1;
						TestTargetID = B4099EDE2AC93C9D00000B65;
					};
				};
			};
			buildConfigurationList = B4099EDA2AC93C9D00000B65 /* Build configuration list for PBXProject "Spheree" */;
			compatibilityVersion = "Xcode 14.0";
			developmentRegion = en;
			hasScannedForEncodings = 0;
			knownRegions = (
				en,
				Base,
			);
			mainGroup = B4099ED62AC93C9D00000B65;
			productRefGroup = B4099EE02AC93C9D00000B65 /* Products */;
			projectDirPath = "";
			projectRoot = "";
			targets = (
				B4099EDE2AC93C9D00000B65 /* Spheree */,
				B4099EEF2AC93C9F00000B65 /* SphereeTests */,
				B4099EF92AC93C9F00000B65 /* SphereeUITests */,
			);
		};
/* End PBXProject section */

/* Begin PBXResourcesBuildPhase section */
		B4099EDD2AC93C9D00000B65 /* Resources */ = {
			isa = PBXResourcesBuildPhase;
			buildActionMask = 2147483647;
			files = (
				B4099EEB2AC93C9F00000B65 /* Preview Assets.xcassets in Resources */,
				B4099EE72AC93C9F00000B65 /* Assets.xcassets in Resources */,
			);
			runOnlyForDeploymentPostprocessing = 0;
		};
		B4099EEE2AC93C9F00000B65 /* Resources */ = {
			isa = PBXResourcesBuildPhase;
			buildActionMask = 2147483647;
			files = (
			);
			runOnlyForDeploymentPostprocessing = 0;
		};
		B4099EF82AC93C9F00000B65 /* Resources */ = {
			isa = PBXResourcesBuildPhase;
			buildActionMask = 2147483647;
			files = (
			);
			runOnlyForDeploymentPostprocessing = 0;
		};
/* End PBXResourcesBuildPhase section */

/* Begin PBXSourcesBuildPhase section */
		B4099EDB2AC93C9D00000B65 /* Sources */ = {
			isa = PBXSourcesBuildPhase;
			buildActionMask = 2147483647;
			files = (
				B4099EE52AC93C9D00000B65 /* ContentView.swift in Sources */,
				B4099EE32AC93C9D00000B65 /* SphereeApp.swift in Sources */,
			);
			runOnlyForDeploymentPostprocessing = 0;
		};
		B4099EEC2AC93C9F00000B65 /* Sources */ = {
			isa = PBXSourcesBuildPhase;
			buildActionMask = 2147483647;
			files = (
				B4099EF52AC93C9F00000B65 /* SphereeTests.swift in Sources */,
			);
			runOnlyForDeploymentPostprocessing = 0;
		};
		B4099EF62AC93C9F00000B65 /* Sources */ = {
			isa = PBXSourcesBuildPhase;
			buildActionMask = 2147483647;
			files = (
				B4099EFF2AC93C9F00000B65 /* SphereeUITests.swift in Sources */,
				B4099F012AC93C9F00000B65 /* SphereeUITestsLaunchTests.swift in Sources */,
			);
			runOnlyForDeploymentPostprocessing = 0;
		};
/* End PBXSourcesBuildPhase section */

/* Begin PBXTargetDependency section */
		B4099EF22AC93C9F00000B65 /* PBXTargetDependency */ = {
			isa = PBXTargetDependency;
			target = B4099EDE2AC93C9D00000B65 /* Spheree */;
			targetProxy = B4099EF12AC93C9F00000B65 /* PBXContainerItemProxy */;
		};
		B4099EFC2AC93C9F00000B65 /* PBXTargetDependency */ = {
			isa = PBXTargetDependency;
			target = B4099EDE2AC93C9D00000B65 /* Spheree */;
			targetProxy = B4099EFB2AC93C9F00000B65 /* PBXContainerItemProxy */;
		};
/* End PBXTargetDependency section */

/* Begin XCBuildConfiguration section */
		B4099F022AC93C9F00000B65 /* Debug */ = {
			isa = XCBuildConfiguration;
			buildSettings = {
				ALWAYS_SEARCH_USER_PATHS = NO;
				CLANG_ANALYZER_NONNULL = YES;
				CLANG_ANALYZER_NUMBER_OBJECT_CONVERSION = YES_AGGRESSIVE;
				CLANG_CXX_LANGUAGE_STANDARD = "gnu++20";
				CLANG_ENABLE_MODULES = YES;
				CLANG_ENABLE_OBJC_ARC = YES;
				CLANG_ENABLE_OBJC_WEAK = YES;
				CLANG_WARN_BLOCK_CAPTURE_AUTORELEASING = YES;
				CLANG_WARN_BOOL_CONVERSION = YES;
				CLANG_WARN_COMMA = YES;
				CLANG_WARN_CONSTANT_CONVERSION = YES;
				CLANG_WARN_DEPRECATED_OBJC_IMPLEMENTATIONS = YES;
				CLANG_WARN_DIRECT_OBJC_ISA_USAGE = YES_ERROR;
				CLANG_WARN_DOCUMENTATION_COMMENTS = YES;
				CLANG_WARN_EMPTY_BODY = YES;
				CLANG_WARN_ENUM_CONVERSION = YES;
				CLANG_WARN_INFINITE_RECURSION = YES;
				CLANG_WARN_INT_CONVERSION = YES;
				CLANG_WARN_NON_LITERAL_NULL_CONVERSION = YES;
				CLANG_WARN_OBJC_IMPLICIT_RETAIN_SELF = YES;
				CLANG_WARN_OBJC_LITERAL_CONVERSION = YES;
				CLANG_WARN_OBJC_ROOT_CLASS = YES_ERROR;
				CLANG_WARN_QUOTED_INCLUDE_IN_FRAMEWORK_HEADER = YES;
				CLANG_WARN_RANGE_LOOP_ANALYSIS = YES;
				CLANG_WARN_STRICT_PROTOTYPES = YES;
				CLANG_WARN_SUSPICIOUS_MOVE = YES;
				CLANG_WARN_UNGUARDED_AVAILABILITY = YES_AGGRESSIVE;
				CLANG_WARN_UNREACHABLE_CODE = YES;
				CLANG_WARN__DUPLICATE_METHOD_MATCH = YES;
				COPY_PHASE_STRIP = NO;
				DEBUG_INFORMATION_FORMAT = dwarf;
				ENABLE_STRICT_OBJC_MSGSEND = YES;
				ENABLE_TESTABILITY = YES;
				GCC_C_LANGUAGE_STANDARD = gnu11;
				GCC_DYNAMIC_NO_PIC = NO;
				GCC_NO_COMMON_BLOCKS = YES;
				GCC_OPTIMIZATION_LEVEL = 0;
				GCC_PREPROCESSOR_DEFINITIONS = (
					"DEBUG=1",
					"$(inherited)",
				);
				GCC_WARN_64_TO_32_BIT_CONVERSION = YES;
				GCC_WARN_ABOUT_RETURN_TYPE = YES_ERROR;
				GCC_WARN_UNDECLARED_SELECTOR = YES;
				GCC_WARN_UNINITIALIZED_AUTOS = YES_AGGRESSIVE;
				GCC_WARN_UNUSED_FUNCTION = YES;
				GCC_WARN_UNUSED_VARIABLE = YES;
				MTL_ENABLE_DEBUG_INFO = INCLUDE_SOURCE;
				MTL_FAST_MATH = YES;
				ONLY_ACTIVE_ARCH = YES;
				SWIFT_ACTIVE_COMPILATION_CONDITIONS = DEBUG;
				SWIFT_OPTIMIZATION_LEVEL = "-Onone";
			};
			name = Debug;
		};
		B4099F032AC93C9F00000B65 /* Release */ = {
			isa = XCBuildConfiguration;
			buildSettings = {
				ALWAYS_SEARCH_USER_PATHS = NO;
				CLANG_ANALYZER_NONNULL = YES;
				CLANG_ANALYZER_NUMBER_OBJECT_CONVERSION = YES_AGGRESSIVE;
				CLANG_CXX_LANGUAGE_STANDARD = "gnu++20";
				CLANG_ENABLE_MODULES = YES;
				CLANG_ENABLE_OBJC_ARC = YES;
				CLANG_ENABLE_OBJC_WEAK = YES;
				CLANG_WARN_BLOCK_CAPTURE_AUTORELEASING = YES;
				CLANG_WARN_BOOL_CONVERSION = YES;
				CLANG_WARN_COMMA = YES;
				CLANG_WARN_CONSTANT_CONVERSION = YES;
				CLANG_WARN_DEPRECATED_OBJC_IMPLEMENTATIONS = YES;
				CLANG_WARN_DIRECT_OBJC_ISA_USAGE = YES_ERROR;
				CLANG_WARN_DOCUMENTATION_COMMENTS = YES;
				CLANG_WARN_EMPTY_BODY = YES;
				CLANG_WARN_ENUM_CONVERSION = YES;
				CLANG_WARN_INFINITE_RECURSION = YES;
				CLANG_WARN_INT_CONVERSION = YES;
				CLANG_WARN_NON_LITERAL_NULL_CONVERSION = YES;
				CLANG_WARN_OBJC_IMPLICIT_RETAIN_SELF = YES;
				CLANG_WARN_OBJC_LITERAL_CONVERSION = YES;
				CLANG_WARN_OBJC_ROOT_CLASS = YES_ERROR;
				CLANG_WARN_QUOTED_INCLUDE_IN_FRAMEWORK_HEADER = YES;
				CLANG_WARN_RANGE_LOOP_ANALYSIS = YES;
				CLANG_WARN_STRICT_PROTOTYPES = YES;
				CLANG_WARN_SUSPICIOUS_MOVE = YES;
				CLANG_WARN_UNGUARDED_AVAILABILITY = YES_AGGRESSIVE;
				CLANG_WARN_UNREACHABLE_CODE = YES;
				CLANG_WARN__DUPLICATE_METHOD_MATCH = YES;
				COPY_PHASE_STRIP = NO;
				DEBUG_INFORMATION_FORMAT = "dwarf-with-dsym";
				ENABLE_NS_ASSERTIONS = NO;
				ENABLE_STRICT_OBJC_MSGSEND = YES;
				GCC_C_LANGUAGE_STANDARD = gnu11;
				GCC_NO_COMMON_BLOCKS = YES;
				GCC_WARN_64_TO_32_BIT_CONVERSION = YES;
				GCC_WARN_ABOUT_RETURN_TYPE = YES_ERROR;
				GCC_WARN_UNDECLARED_SELECTOR = YES;
				GCC_WARN_UNINITIALIZED_AUTOS = YES_AGGRESSIVE;
				GCC_WARN_UNUSED_FUNCTION = YES;
				GCC_WARN_UNUSED_VARIABLE = YES;
				MTL_ENABLE_DEBUG_INFO = NO;
				MTL_FAST_MATH = YES;
				SWIFT_COMPILATION_MODE = wholemodule;
				SWIFT_OPTIMIZATION_LEVEL = "-O";
			};
			name = Release;
		};
		B4099F052AC93C9F00000B65 /* Debug */ = {
			isa = XCBuildConfiguration;
			buildSettings = {
				ASSETCATALOG_COMPILER_APPICON_NAME = AppIcon;
				ASSETCATALOG_COMPILER_GLOBAL_ACCENT_COLOR_NAME = AccentColor;
				CODE_SIGN_ENTITLEMENTS = Spheree/Spheree.entitlements;
				CODE_SIGN_STYLE = Automatic;
				CURRENT_PROJECT_VERSION = 1;
				DEVELOPMENT_ASSET_PATHS = "\"Spheree/Preview Content\"";
				ENABLE_PREVIEWS = YES;
				GENERATE_INFOPLIST_FILE = YES;
				"INFOPLIST_KEY_UIApplicationSceneManifest_Generation[sdk=iphoneos*]" = YES;
				"INFOPLIST_KEY_UIApplicationSceneManifest_Generation[sdk=iphonesimulator*]" = YES;
				"INFOPLIST_KEY_UIApplicationSupportsIndirectInputEvents[sdk=iphoneos*]" = YES;
				"INFOPLIST_KEY_UIApplicationSupportsIndirectInputEvents[sdk=iphonesimulator*]" = YES;
				"INFOPLIST_KEY_UILaunchScreen_Generation[sdk=iphoneos*]" = YES;
				"INFOPLIST_KEY_UILaunchScreen_Generation[sdk=iphonesimulator*]" = YES;
				"INFOPLIST_KEY_UIStatusBarStyle[sdk=iphoneos*]" = UIStatusBarStyleDefault;
				"INFOPLIST_KEY_UIStatusBarStyle[sdk=iphonesimulator*]" = UIStatusBarStyleDefault;
				INFOPLIST_KEY_UISupportedInterfaceOrientations_iPad = "UIInterfaceOrientationPortrait UIInterfaceOrientationPortraitUpsideDown UIInterfaceOrientationLandscapeLeft UIInterfaceOrientationLandscapeRight";
				INFOPLIST_KEY_UISupportedInterfaceOrientations_iPhone = "UIInterfaceOrientationPortrait UIInterfaceOrientationLandscapeLeft UIInterfaceOrientationLandscapeRight";
				IPHONEOS_DEPLOYMENT_TARGET = 16.4;
				LD_RUNPATH_SEARCH_PATHS = "@executable_path/Frameworks";
				"LD_RUNPATH_SEARCH_PATHS[sdk=macosx*]" = "@executable_path/../Frameworks";
				MACOSX_DEPLOYMENT_TARGET = 13.3;
				MARKETING_VERSION = 1.0;
				PRODUCT_BUNDLE_IDENTIFIER = non.Spheree;
				PRODUCT_NAME = "$(TARGET_NAME)";
				SDKROOT = auto;
				SUPPORTED_PLATFORMS = "iphoneos iphonesimulator macosx";
				SWIFT_EMIT_LOC_STRINGS = YES;
				SWIFT_VERSION = 5.0;
				TARGETED_DEVICE_FAMILY = "1,2";
			};
			name = Debug;
		};
		B4099F062AC93C9F00000B65 /* Release */ = {
			isa = XCBuildConfiguration;
			buildSettings = {
				ASSETCATALOG_COMPILER_APPICON_NAME = AppIcon;
				ASSETCATALOG_COMPILER_GLOBAL_ACCENT_COLOR_NAME = AccentColor;
				CODE_SIGN_ENTITLEMENTS = Spheree/Spheree.entitlements;
				CODE_SIGN_STYLE = Automatic;
				CURRENT_PROJECT_VERSION = 1;
				DEVELOPMENT_ASSET_PATHS = "\"Spheree/Preview Content\"";
				ENABLE_PREVIEWS = YES;
				GENERATE_INFOPLIST_FILE = YES;
				"INFOPLIST_KEY_UIApplicationSceneManifest_Generation[sdk=iphoneos*]" = YES;
				"INFOPLIST_KEY_UIApplicationSceneManifest_Generation[sdk=iphonesimulator*]" = YES;
				"INFOPLIST_KEY_UIApplicationSupportsIndirectInputEvents[sdk=iphoneos*]" = YES;
				"INFOPLIST_KEY_UIApplicationSupportsIndirectInputEvents[sdk=iphonesimulator*]" = YES;
				"INFOPLIST_KEY_UILaunchScreen_Generation[sdk=iphoneos*]" = YES;
				"INFOPLIST_KEY_UILaunchScreen_Generation[sdk=iphonesimulator*]" = YES;
				"INFOPLIST_KEY_UIStatusBarStyle[sdk=iphoneos*]" = UIStatusBarStyleDefault;
				"INFOPLIST_KEY_UIStatusBarStyle[sdk=iphonesimulator*]" = UIStatusBarStyleDefault;
				INFOPLIST_KEY_UISupportedInterfaceOrientations_iPad = "UIInterfaceOrientationPortrait UIInterfaceOrientationPortraitUpsideDown UIInterfaceOrientationLandscapeLeft UIInterfaceOrientationLandscapeRight";
				INFOPLIST_KEY_UISupportedInterfaceOrientations_iPhone = "UIInterfaceOrientationPortrait UIInterfaceOrientationLandscapeLeft UIInterfaceOrientationLandscapeRight";
				IPHONEOS_DEPLOYMENT_TARGET = 16.4;
				LD_RUNPATH_SEARCH_PATHS = "@executable_path/Frameworks";
				"LD_RUNPATH_SEARCH_PATHS[sdk=macosx*]" = "@executable_path/../Frameworks";
				MACOSX_DEPLOYMENT_TARGET = 13.3;
				MARKETING_VERSION = 1.0;
				PRODUCT_BUNDLE_IDENTIFIER = non.Spheree;
				PRODUCT_NAME = "$(TARGET_NAME)";
				SDKROOT = auto;
				SUPPORTED_PLATFORMS = "iphoneos iphonesimulator macosx";
				SWIFT_EMIT_LOC_STRINGS = YES;
				SWIFT_VERSION = 5.0;
				TARGETED_DEVICE_FAMILY = "1,2";
			};
			name = Release;
		};
		B4099F082AC93C9F00000B65 /* Debug */ = {
			isa = XCBuildConfiguration;
			buildSettings = {
				ALWAYS_EMBED_SWIFT_STANDARD_LIBRARIES = YES;
				BUNDLE_LOADER = "$(TEST_HOST)";
				CODE_SIGN_STYLE = Automatic;
				CURRENT_PROJECT_VERSION = 1;
				GENERATE_INFOPLIST_FILE = YES;
				IPHONEOS_DEPLOYMENT_TARGET = 16.4;
				MACOSX_DEPLOYMENT_TARGET = 13.3;
				MARKETING_VERSION = 1.0;
				PRODUCT_BUNDLE_IDENTIFIER = non.SphereeTests;
				PRODUCT_NAME = "$(TARGET_NAME)";
				SDKROOT = auto;
				SUPPORTED_PLATFORMS = "iphoneos iphonesimulator macosx";
				SWIFT_EMIT_LOC_STRINGS = NO;
				SWIFT_VERSION = 5.0;
				TARGETED_DEVICE_FAMILY = "1,2";
				TEST_HOST = "$(BUILT_PRODUCTS_DIR)/Spheree.app/$(BUNDLE_EXECUTABLE_FOLDER_PATH)/Spheree";
			};
			name = Debug;
		};
		B4099F092AC93C9F00000B65 /* Release */ = {
			isa = XCBuildConfiguration;
			buildSettings = {
				ALWAYS_EMBED_SWIFT_STANDARD_LIBRARIES = YES;
				BUNDLE_LOADER = "$(TEST_HOST)";
				CODE_SIGN_STYLE = Automatic;
				CURRENT_PROJECT_VERSION = 1;
				GENERATE_INFOPLIST_FILE = YES;
				IPHONEOS_DEPLOYMENT_TARGET = 16.4;
				MACOSX_DEPLOYMENT_TARGET = 13.3;
				MARKETING_VERSION = 1.0;
				PRODUCT_BUNDLE_IDENTIFIER = non.SphereeTests;
				PRODUCT_NAME = "$(TARGET_NAME)";
				SDKROOT = auto;
				SUPPORTED_PLATFORMS = "iphoneos iphonesimulator macosx";
				SWIFT_EMIT_LOC_STRINGS = NO;
				SWIFT_VERSION = 5.0;
				TARGETED_DEVICE_FAMILY = "1,2";
				TEST_HOST = "$(BUILT_PRODUCTS_DIR)/Spheree.app/$(BUNDLE_EXECUTABLE_FOLDER_PATH)/Spheree";
			};
			name = Release;
		};
		B4099F0B2AC93C9F00000B65 /* Debug */ = {
			isa = XCBuildConfiguration;
			buildSettings = {
				ALWAYS_EMBED_SWIFT_STANDARD_LIBRARIES = YES;
				CODE_SIGN_STYLE = Automatic;
				CURRENT_PROJECT_VERSION = 1;
				GENERATE_INFOPLIST_FILE = YES;
				IPHONEOS_DEPLOYMENT_TARGET = 16.4;
				MACOSX_DEPLOYMENT_TARGET = 13.3;
				MARKETING_VERSION = 1.0;
				PRODUCT_BUNDLE_IDENTIFIER = non.SphereeUITests;
				PRODUCT_NAME = "$(TARGET_NAME)";
				SDKROOT = auto;
				SUPPORTED_PLATFORMS = "iphoneos iphonesimulator macosx";
				SWIFT_EMIT_LOC_STRINGS = NO;
				SWIFT_VERSION = 5.0;
				TARGETED_DEVICE_FAMILY = "1,2";
				TEST_TARGET_NAME = Spheree;
			};
			name = Debug;
		};
		B4099F0C2AC93C9F00000B65 /* Release */ = {
			isa = XCBuildConfiguration;
			buildSettings = {
				ALWAYS_EMBED_SWIFT_STANDARD_LIBRARIES = YES;
				CODE_SIGN_STYLE = Automatic;
				CURRENT_PROJECT_VERSION = 1;
				GENERATE_INFOPLIST_FILE = YES;
				IPHONEOS_DEPLOYMENT_TARGET = 16.4;
				MACOSX_DEPLOYMENT_TARGET = 13.3;
				MARKETING_VERSION = 1.0;
				PRODUCT_BUNDLE_IDENTIFIER = non.SphereeUITests;
				PRODUCT_NAME = "$(TARGET_NAME)";
				SDKROOT = auto;
				SUPPORTED_PLATFORMS = "iphoneos iphonesimulator macosx";
				SWIFT_EMIT_LOC_STRINGS = NO;
				SWIFT_VERSION = 5.0;
				TARGETED_DEVICE_FAMILY = "1,2";
				TEST_TARGET_NAME = Spheree;
			};
			name = Release;
		};
/* End XCBuildConfiguration section */

/* Begin XCConfigurationList section */
		B4099EDA2AC93C9D00000B65 /* Build configuration list for PBXProject "Spheree" */ = {
			isa = XCConfigurationList;
			buildConfigurations = (
				B4099F022AC93C9F00000B65 /* Debug */,
				B4099F032AC93C9F00000B65 /* Release */,
			);
			defaultConfigurationIsVisible = 0;
			defaultConfigurationName = Release;
		};
		B4099F042AC93C9F00000B65 /* Build configuration list for PBXNativeTarget "Spheree" */ = {
			isa = XCConfigurationList;
			buildConfigurations = (
				B4099F052AC93C9F00000B65 /* Debug */,
				B4099F062AC93C9F00000B65 /* Release */,
			);
			defaultConfigurationIsVisible = 0;
			defaultConfigurationName = Release;
		};
		B4099F072AC93C9F00000B65 /* Build configuration list for PBXNativeTarget "SphereeTests" */ = {
			isa = XCConfigurationList;
			buildConfigurations = (
				B4099F082AC93C9F00000B65 /* Debug */,
				B4099F092AC93C9F00000B65 /* Release */,
			);
			defaultConfigurationIsVisible = 0;
			defaultConfigurationName = Release;
		};
		B4099F0A2AC93C9F00000B65 /* Build configuration list for PBXNativeTarget "SphereeUITests" */ = {
			isa = XCConfigurationList;
			buildConfigurations = (
				B4099F0B2AC93C9F00000B65 /* Debug */,
				B4099F0C2AC93C9F00000B65 /* Release */,
			);
			defaultConfigurationIsVisible = 0;
			defaultConfigurationName = Release;
		};
/* End XCConfigurationList section */
	};
	rootObject = B4099ED72AC93C9D00000B65 /* Project object */;
}
