// !$*UTF8*$!
{
	archiveVersion = 1;
	classes = {
	};
	objectVersion = 56;
	objects = {

/* Begin PBXBuildFile section */
		05A676D32AD8FF3D007663D1 /* SignUpView.swift in Sources */ = {isa = PBXBuildFile; fileRef = 05A676D22AD8FF3D007663D1 /* SignUpView.swift */; };
		B4099F1A2AC93DA100000B65 /* SphereApp.swift in Sources */ = {isa = PBXBuildFile; fileRef = B4099F192AC93DA100000B65 /* SphereApp.swift */; };
		B4099F1C2AC93DA100000B65 /* ContentView.swift in Sources */ = {isa = PBXBuildFile; fileRef = B4099F1B2AC93DA100000B65 /* ContentView.swift */; };
		B4099F1E2AC93DA200000B65 /* Assets.xcassets in Resources */ = {isa = PBXBuildFile; fileRef = B4099F1D2AC93DA200000B65 /* Assets.xcassets */; };
		B4099F222AC93DA200000B65 /* Preview Assets.xcassets in Resources */ = {isa = PBXBuildFile; fileRef = B4099F212AC93DA200000B65 /* Preview Assets.xcassets */; };
		B4099F2C2AC93DA300000B65 /* SphereTests.swift in Sources */ = {isa = PBXBuildFile; fileRef = B4099F2B2AC93DA300000B65 /* SphereTests.swift */; };
		B4099F362AC93DA300000B65 /* SphereUITests.swift in Sources */ = {isa = PBXBuildFile; fileRef = B4099F352AC93DA300000B65 /* SphereUITests.swift */; };
		B4099F382AC93DA300000B65 /* SphereUITestsLaunchTests.swift in Sources */ = {isa = PBXBuildFile; fileRef = B4099F372AC93DA300000B65 /* SphereUITestsLaunchTests.swift */; };
		B49AE1E82AD8C1BD00A6ABD1 /* ForgotPasswordView.swift in Sources */ = {isa = PBXBuildFile; fileRef = B49AE1E72AD8C1BD00A6ABD1 /* ForgotPasswordView.swift */; };
/* End PBXBuildFile section */

/* Begin PBXContainerItemProxy section */
		B4099F282AC93DA300000B65 /* PBXContainerItemProxy */ = {
			isa = PBXContainerItemProxy;
			containerPortal = B4099F0E2AC93DA100000B65 /* Project object */;
			proxyType = 1;
			remoteGlobalIDString = B4099F152AC93DA100000B65;
			remoteInfo = Sphere;
		};
		B4099F322AC93DA300000B65 /* PBXContainerItemProxy */ = {
			isa = PBXContainerItemProxy;
			containerPortal = B4099F0E2AC93DA100000B65 /* Project object */;
			proxyType = 1;
			remoteGlobalIDString = B4099F152AC93DA100000B65;
			remoteInfo = Sphere;
		};
/* End PBXContainerItemProxy section */

/* Begin PBXFileReference section */
		05A676D22AD8FF3D007663D1 /* SignUpView.swift */ = {isa = PBXFileReference; lastKnownFileType = sourcecode.swift; path = SignUpView.swift; sourceTree = "<group>"; };
		B4099F162AC93DA100000B65 /* Sphere.app */ = {isa = PBXFileReference; explicitFileType = wrapper.application; includeInIndex = 0; path = Sphere.app; sourceTree = BUILT_PRODUCTS_DIR; };
		B4099F192AC93DA100000B65 /* SphereApp.swift */ = {isa = PBXFileReference; lastKnownFileType = sourcecode.swift; path = SphereApp.swift; sourceTree = "<group>"; };
		B4099F1B2AC93DA100000B65 /* ContentView.swift */ = {isa = PBXFileReference; lastKnownFileType = sourcecode.swift; path = ContentView.swift; sourceTree = "<group>"; };
		B4099F1D2AC93DA200000B65 /* Assets.xcassets */ = {isa = PBXFileReference; lastKnownFileType = folder.assetcatalog; path = Assets.xcassets; sourceTree = "<group>"; };
		B4099F1F2AC93DA200000B65 /* Sphere.entitlements */ = {isa = PBXFileReference; lastKnownFileType = text.plist.entitlements; path = Sphere.entitlements; sourceTree = "<group>"; };
		B4099F212AC93DA200000B65 /* Preview Assets.xcassets */ = {isa = PBXFileReference; lastKnownFileType = folder.assetcatalog; path = "Preview Assets.xcassets"; sourceTree = "<group>"; };
		B4099F272AC93DA300000B65 /* SphereTests.xctest */ = {isa = PBXFileReference; explicitFileType = wrapper.cfbundle; includeInIndex = 0; path = SphereTests.xctest; sourceTree = BUILT_PRODUCTS_DIR; };
		B4099F2B2AC93DA300000B65 /* SphereTests.swift */ = {isa = PBXFileReference; lastKnownFileType = sourcecode.swift; path = SphereTests.swift; sourceTree = "<group>"; };
		B4099F312AC93DA300000B65 /* SphereUITests.xctest */ = {isa = PBXFileReference; explicitFileType = wrapper.cfbundle; includeInIndex = 0; path = SphereUITests.xctest; sourceTree = BUILT_PRODUCTS_DIR; };
		B4099F352AC93DA300000B65 /* SphereUITests.swift */ = {isa = PBXFileReference; lastKnownFileType = sourcecode.swift; path = SphereUITests.swift; sourceTree = "<group>"; };
		B4099F372AC93DA300000B65 /* SphereUITestsLaunchTests.swift */ = {isa = PBXFileReference; lastKnownFileType = sourcecode.swift; path = SphereUITestsLaunchTests.swift; sourceTree = "<group>"; };
		B49AE1E72AD8C1BD00A6ABD1 /* ForgotPasswordView.swift */ = {isa = PBXFileReference; lastKnownFileType = sourcecode.swift; path = ForgotPasswordView.swift; sourceTree = "<group>"; };
/* End PBXFileReference section */

/* Begin PBXFrameworksBuildPhase section */
		B4099F132AC93DA100000B65 /* Frameworks */ = {
			isa = PBXFrameworksBuildPhase;
			buildActionMask = 2147483647;
			files = (
			);
			runOnlyForDeploymentPostprocessing = 0;
		};
		B4099F242AC93DA300000B65 /* Frameworks */ = {
			isa = PBXFrameworksBuildPhase;
			buildActionMask = 2147483647;
			files = (
			);
			runOnlyForDeploymentPostprocessing = 0;
		};
		B4099F2E2AC93DA300000B65 /* Frameworks */ = {
			isa = PBXFrameworksBuildPhase;
			buildActionMask = 2147483647;
			files = (
			);
			runOnlyForDeploymentPostprocessing = 0;
		};
/* End PBXFrameworksBuildPhase section */

/* Begin PBXGroup section */
		B4099F0D2AC93DA100000B65 = {
			isa = PBXGroup;
			children = (
				B4099F182AC93DA100000B65 /* Sphere */,
				B4099F2A2AC93DA300000B65 /* SphereTests */,
				B4099F342AC93DA300000B65 /* SphereUITests */,
				B4099F172AC93DA100000B65 /* Products */,
			);
			sourceTree = "<group>";
		};
		B4099F172AC93DA100000B65 /* Products */ = {
			isa = PBXGroup;
			children = (
				B4099F162AC93DA100000B65 /* Sphere.app */,
				B4099F272AC93DA300000B65 /* SphereTests.xctest */,
				B4099F312AC93DA300000B65 /* SphereUITests.xctest */,
			);
			name = Products;
			sourceTree = "<group>";
		};
		B4099F182AC93DA100000B65 /* Sphere */ = {
			isa = PBXGroup;
			children = (
				B4099F192AC93DA100000B65 /* SphereApp.swift */,
				B4099F1B2AC93DA100000B65 /* ContentView.swift */,
				05A676D22AD8FF3D007663D1 /* SignUpView.swift */,
				B4099F1D2AC93DA200000B65 /* Assets.xcassets */,
				B4099F1F2AC93DA200000B65 /* Sphere.entitlements */,
				B49AE1E72AD8C1BD00A6ABD1 /* ForgotPasswordView.swift */,
				B4099F202AC93DA200000B65 /* Preview Content */,
			);
			path = Sphere;
			sourceTree = "<group>";
		};
		B4099F202AC93DA200000B65 /* Preview Content */ = {
			isa = PBXGroup;
			children = (
				B4099F212AC93DA200000B65 /* Preview Assets.xcassets */,
			);
			path = "Preview Content";
			sourceTree = "<group>";
		};
		B4099F2A2AC93DA300000B65 /* SphereTests */ = {
			isa = PBXGroup;
			children = (
				B4099F2B2AC93DA300000B65 /* SphereTests.swift */,
			);
			path = SphereTests;
			sourceTree = "<group>";
		};
		B4099F342AC93DA300000B65 /* SphereUITests */ = {
			isa = PBXGroup;
			children = (
				B4099F352AC93DA300000B65 /* SphereUITests.swift */,
				B4099F372AC93DA300000B65 /* SphereUITestsLaunchTests.swift */,
			);
			path = SphereUITests;
			sourceTree = "<group>";
		};
/* End PBXGroup section */

/* Begin PBXNativeTarget section */
		B4099F152AC93DA100000B65 /* Sphere */ = {
			isa = PBXNativeTarget;
			buildConfigurationList = B4099F3B2AC93DA300000B65 /* Build configuration list for PBXNativeTarget "Sphere" */;
			buildPhases = (
				B4099F122AC93DA100000B65 /* Sources */,
				B4099F132AC93DA100000B65 /* Frameworks */,
				B4099F142AC93DA100000B65 /* Resources */,
			);
			buildRules = (
			);
			dependencies = (
			);
			name = Sphere;
			productName = Sphere;
			productReference = B4099F162AC93DA100000B65 /* Sphere.app */;
			productType = "com.apple.product-type.application";
		};
		B4099F262AC93DA300000B65 /* SphereTests */ = {
			isa = PBXNativeTarget;
			buildConfigurationList = B4099F3E2AC93DA300000B65 /* Build configuration list for PBXNativeTarget "SphereTests" */;
			buildPhases = (
				B4099F232AC93DA300000B65 /* Sources */,
				B4099F242AC93DA300000B65 /* Frameworks */,
				B4099F252AC93DA300000B65 /* Resources */,
			);
			buildRules = (
			);
			dependencies = (
				B4099F292AC93DA300000B65 /* PBXTargetDependency */,
			);
			name = SphereTests;
			productName = SphereTests;
			productReference = B4099F272AC93DA300000B65 /* SphereTests.xctest */;
			productType = "com.apple.product-type.bundle.unit-test";
		};
		B4099F302AC93DA300000B65 /* SphereUITests */ = {
			isa = PBXNativeTarget;
			buildConfigurationList = B4099F412AC93DA300000B65 /* Build configuration list for PBXNativeTarget "SphereUITests" */;
			buildPhases = (
				B4099F2D2AC93DA300000B65 /* Sources */,
				B4099F2E2AC93DA300000B65 /* Frameworks */,
				B4099F2F2AC93DA300000B65 /* Resources */,
			);
			buildRules = (
			);
			dependencies = (
				B4099F332AC93DA300000B65 /* PBXTargetDependency */,
			);
			name = SphereUITests;
			productName = SphereUITests;
			productReference = B4099F312AC93DA300000B65 /* SphereUITests.xctest */;
			productType = "com.apple.product-type.bundle.ui-testing";
		};
/* End PBXNativeTarget section */

/* Begin PBXProject section */
		B4099F0E2AC93DA100000B65 /* Project object */ = {
			isa = PBXProject;
			attributes = {
				BuildIndependentTargetsInParallel = 1;
				LastSwiftUpdateCheck = 1430;
				LastUpgradeCheck = 1430;
				TargetAttributes = {
					B4099F152AC93DA100000B65 = {
						CreatedOnToolsVersion = 14.3.1;
					};
					B4099F262AC93DA300000B65 = {
						CreatedOnToolsVersion = 14.3.1;
						TestTargetID = B4099F152AC93DA100000B65;
					};
					B4099F302AC93DA300000B65 = {
						CreatedOnToolsVersion = 14.3.1;
						TestTargetID = B4099F152AC93DA100000B65;
					};
				};
			};
			buildConfigurationList = B4099F112AC93DA100000B65 /* Build configuration list for PBXProject "Sphere" */;
			compatibilityVersion = "Xcode 14.0";
			developmentRegion = en;
			hasScannedForEncodings = 0;
			knownRegions = (
				en,
				Base,
			);
			mainGroup = B4099F0D2AC93DA100000B65;
			productRefGroup = B4099F172AC93DA100000B65 /* Products */;
			projectDirPath = "";
			projectRoot = "";
			targets = (
				B4099F152AC93DA100000B65 /* Sphere */,
				B4099F262AC93DA300000B65 /* SphereTests */,
				B4099F302AC93DA300000B65 /* SphereUITests */,
			);
		};
/* End PBXProject section */

/* Begin PBXResourcesBuildPhase section */
		B4099F142AC93DA100000B65 /* Resources */ = {
			isa = PBXResourcesBuildPhase;
			buildActionMask = 2147483647;
			files = (
				B4099F222AC93DA200000B65 /* Preview Assets.xcassets in Resources */,
				B4099F1E2AC93DA200000B65 /* Assets.xcassets in Resources */,
			);
			runOnlyForDeploymentPostprocessing = 0;
		};
		B4099F252AC93DA300000B65 /* Resources */ = {
			isa = PBXResourcesBuildPhase;
			buildActionMask = 2147483647;
			files = (
			);
			runOnlyForDeploymentPostprocessing = 0;
		};
		B4099F2F2AC93DA300000B65 /* Resources */ = {
			isa = PBXResourcesBuildPhase;
			buildActionMask = 2147483647;
			files = (
			);
			runOnlyForDeploymentPostprocessing = 0;
		};
/* End PBXResourcesBuildPhase section */

/* Begin PBXSourcesBuildPhase section */
		B4099F122AC93DA100000B65 /* Sources */ = {
			isa = PBXSourcesBuildPhase;
			buildActionMask = 2147483647;
			files = (
				05A676D32AD8FF3D007663D1 /* SignUpView.swift in Sources */,
				B4099F1C2AC93DA100000B65 /* ContentView.swift in Sources */,
				B49AE1E82AD8C1BD00A6ABD1 /* ForgotPasswordView.swift in Sources */,
				B4099F1A2AC93DA100000B65 /* SphereApp.swift in Sources */,
			);
			runOnlyForDeploymentPostprocessing = 0;
		};
		B4099F232AC93DA300000B65 /* Sources */ = {
			isa = PBXSourcesBuildPhase;
			buildActionMask = 2147483647;
			files = (
				B4099F2C2AC93DA300000B65 /* SphereTests.swift in Sources */,
			);
			runOnlyForDeploymentPostprocessing = 0;
		};
		B4099F2D2AC93DA300000B65 /* Sources */ = {
			isa = PBXSourcesBuildPhase;
			buildActionMask = 2147483647;
			files = (
				B4099F362AC93DA300000B65 /* SphereUITests.swift in Sources */,
				B4099F382AC93DA300000B65 /* SphereUITestsLaunchTests.swift in Sources */,
			);
			runOnlyForDeploymentPostprocessing = 0;
		};
/* End PBXSourcesBuildPhase section */

/* Begin PBXTargetDependency section */
		B4099F292AC93DA300000B65 /* PBXTargetDependency */ = {
			isa = PBXTargetDependency;
			target = B4099F152AC93DA100000B65 /* Sphere */;
			targetProxy = B4099F282AC93DA300000B65 /* PBXContainerItemProxy */;
		};
		B4099F332AC93DA300000B65 /* PBXTargetDependency */ = {
			isa = PBXTargetDependency;
			target = B4099F152AC93DA100000B65 /* Sphere */;
			targetProxy = B4099F322AC93DA300000B65 /* PBXContainerItemProxy */;
		};
/* End PBXTargetDependency section */

/* Begin XCBuildConfiguration section */
		B4099F392AC93DA300000B65 /* Debug */ = {
			isa = XCBuildConfiguration;
			buildSettings = {
				ALWAYS_SEARCH_USER_PATHS = NO;
				CLANG_ANALYZER_NONNULL = YES;
				CLANG_ANALYZER_NUMBER_OBJECT_CONVERSION = YES_AGGRESSIVE;
				CLANG_CXX_LANGUAGE_STANDARD = "gnu++20";
				CLANG_ENABLE_MODULES = YES;
				CLANG_ENABLE_OBJC_ARC = YES;
				CLANG_ENABLE_OBJC_WEAK = YES;
				CLANG_WARN_BLOCK_CAPTURE_AUTORELEASING = YES;
				CLANG_WARN_BOOL_CONVERSION = YES;
				CLANG_WARN_COMMA = YES;
				CLANG_WARN_CONSTANT_CONVERSION = YES;
				CLANG_WARN_DEPRECATED_OBJC_IMPLEMENTATIONS = YES;
				CLANG_WARN_DIRECT_OBJC_ISA_USAGE = YES_ERROR;
				CLANG_WARN_DOCUMENTATION_COMMENTS = YES;
				CLANG_WARN_EMPTY_BODY = YES;
				CLANG_WARN_ENUM_CONVERSION = YES;
				CLANG_WARN_INFINITE_RECURSION = YES;
				CLANG_WARN_INT_CONVERSION = YES;
				CLANG_WARN_NON_LITERAL_NULL_CONVERSION = YES;
				CLANG_WARN_OBJC_IMPLICIT_RETAIN_SELF = YES;
				CLANG_WARN_OBJC_LITERAL_CONVERSION = YES;
				CLANG_WARN_OBJC_ROOT_CLASS = YES_ERROR;
				CLANG_WARN_QUOTED_INCLUDE_IN_FRAMEWORK_HEADER = YES;
				CLANG_WARN_RANGE_LOOP_ANALYSIS = YES;
				CLANG_WARN_STRICT_PROTOTYPES = YES;
				CLANG_WARN_SUSPICIOUS_MOVE = YES;
				CLANG_WARN_UNGUARDED_AVAILABILITY = YES_AGGRESSIVE;
				CLANG_WARN_UNREACHABLE_CODE = YES;
				CLANG_WARN__DUPLICATE_METHOD_MATCH = YES;
				COPY_PHASE_STRIP = NO;
				DEBUG_INFORMATION_FORMAT = dwarf;
				ENABLE_STRICT_OBJC_MSGSEND = YES;
				ENABLE_TESTABILITY = YES;
				GCC_C_LANGUAGE_STANDARD = gnu11;
				GCC_DYNAMIC_NO_PIC = NO;
				GCC_NO_COMMON_BLOCKS = YES;
				GCC_OPTIMIZATION_LEVEL = 0;
				GCC_PREPROCESSOR_DEFINITIONS = (
					"DEBUG=1",
					"$(inherited)",
				);
				GCC_WARN_64_TO_32_BIT_CONVERSION = YES;
				GCC_WARN_ABOUT_RETURN_TYPE = YES_ERROR;
				GCC_WARN_UNDECLARED_SELECTOR = YES;
				GCC_WARN_UNINITIALIZED_AUTOS = YES_AGGRESSIVE;
				GCC_WARN_UNUSED_FUNCTION = YES;
				GCC_WARN_UNUSED_VARIABLE = YES;
				MTL_ENABLE_DEBUG_INFO = INCLUDE_SOURCE;
				MTL_FAST_MATH = YES;
				ONLY_ACTIVE_ARCH = YES;
				SWIFT_ACTIVE_COMPILATION_CONDITIONS = DEBUG;
				SWIFT_OPTIMIZATION_LEVEL = "-Onone";
			};
			name = Debug;
		};
		B4099F3A2AC93DA300000B65 /* Release */ = {
			isa = XCBuildConfiguration;
			buildSettings = {
				ALWAYS_SEARCH_USER_PATHS = NO;
				CLANG_ANALYZER_NONNULL = YES;
				CLANG_ANALYZER_NUMBER_OBJECT_CONVERSION = YES_AGGRESSIVE;
				CLANG_CXX_LANGUAGE_STANDARD = "gnu++20";
				CLANG_ENABLE_MODULES = YES;
				CLANG_ENABLE_OBJC_ARC = YES;
				CLANG_ENABLE_OBJC_WEAK = YES;
				CLANG_WARN_BLOCK_CAPTURE_AUTORELEASING = YES;
				CLANG_WARN_BOOL_CONVERSION = YES;
				CLANG_WARN_COMMA = YES;
				CLANG_WARN_CONSTANT_CONVERSION = YES;
				CLANG_WARN_DEPRECATED_OBJC_IMPLEMENTATIONS = YES;
				CLANG_WARN_DIRECT_OBJC_ISA_USAGE = YES_ERROR;
				CLANG_WARN_DOCUMENTATION_COMMENTS = YES;
				CLANG_WARN_EMPTY_BODY = YES;
				CLANG_WARN_ENUM_CONVERSION = YES;
				CLANG_WARN_INFINITE_RECURSION = YES;
				CLANG_WARN_INT_CONVERSION = YES;
				CLANG_WARN_NON_LITERAL_NULL_CONVERSION = YES;
				CLANG_WARN_OBJC_IMPLICIT_RETAIN_SELF = YES;
				CLANG_WARN_OBJC_LITERAL_CONVERSION = YES;
				CLANG_WARN_OBJC_ROOT_CLASS = YES_ERROR;
				CLANG_WARN_QUOTED_INCLUDE_IN_FRAMEWORK_HEADER = YES;
				CLANG_WARN_RANGE_LOOP_ANALYSIS = YES;
				CLANG_WARN_STRICT_PROTOTYPES = YES;
				CLANG_WARN_SUSPICIOUS_MOVE = YES;
				CLANG_WARN_UNGUARDED_AVAILABILITY = YES_AGGRESSIVE;
				CLANG_WARN_UNREACHABLE_CODE = YES;
				CLANG_WARN__DUPLICATE_METHOD_MATCH = YES;
				COPY_PHASE_STRIP = NO;
				DEBUG_INFORMATION_FORMAT = "dwarf-with-dsym";
				ENABLE_NS_ASSERTIONS = NO;
				ENABLE_STRICT_OBJC_MSGSEND = YES;
				GCC_C_LANGUAGE_STANDARD = gnu11;
				GCC_NO_COMMON_BLOCKS = YES;
				GCC_WARN_64_TO_32_BIT_CONVERSION = YES;
				GCC_WARN_ABOUT_RETURN_TYPE = YES_ERROR;
				GCC_WARN_UNDECLARED_SELECTOR = YES;
				GCC_WARN_UNINITIALIZED_AUTOS = YES_AGGRESSIVE;
				GCC_WARN_UNUSED_FUNCTION = YES;
				GCC_WARN_UNUSED_VARIABLE = YES;
				MTL_ENABLE_DEBUG_INFO = NO;
				MTL_FAST_MATH = YES;
				SWIFT_COMPILATION_MODE = wholemodule;
				SWIFT_OPTIMIZATION_LEVEL = "-O";
			};
			name = Release;
		};
		B4099F3C2AC93DA300000B65 /* Debug */ = {
			isa = XCBuildConfiguration;
			buildSettings = {
				ASSETCATALOG_COMPILER_APPICON_NAME = AppIcon;
				ASSETCATALOG_COMPILER_GLOBAL_ACCENT_COLOR_NAME = AccentColor;
				CODE_SIGN_ENTITLEMENTS = Sphere/Sphere.entitlements;
				CODE_SIGN_STYLE = Automatic;
				CURRENT_PROJECT_VERSION = 1;
				DEVELOPMENT_ASSET_PATHS = "\"Sphere/Preview Content\"";
				ENABLE_PREVIEWS = YES;
				GENERATE_INFOPLIST_FILE = YES;
				"INFOPLIST_KEY_UIApplicationSceneManifest_Generation[sdk=iphoneos*]" = YES;
				"INFOPLIST_KEY_UIApplicationSceneManifest_Generation[sdk=iphonesimulator*]" = YES;
				"INFOPLIST_KEY_UIApplicationSupportsIndirectInputEvents[sdk=iphoneos*]" = YES;
				"INFOPLIST_KEY_UIApplicationSupportsIndirectInputEvents[sdk=iphonesimulator*]" = YES;
				"INFOPLIST_KEY_UILaunchScreen_Generation[sdk=iphoneos*]" = YES;
				"INFOPLIST_KEY_UILaunchScreen_Generation[sdk=iphonesimulator*]" = YES;
				"INFOPLIST_KEY_UIStatusBarStyle[sdk=iphoneos*]" = UIStatusBarStyleDefault;
				"INFOPLIST_KEY_UIStatusBarStyle[sdk=iphonesimulator*]" = UIStatusBarStyleDefault;
				INFOPLIST_KEY_UISupportedInterfaceOrientations_iPad = "UIInterfaceOrientationPortrait UIInterfaceOrientationPortraitUpsideDown UIInterfaceOrientationLandscapeLeft UIInterfaceOrientationLandscapeRight";
				INFOPLIST_KEY_UISupportedInterfaceOrientations_iPhone = "UIInterfaceOrientationPortrait UIInterfaceOrientationLandscapeLeft UIInterfaceOrientationLandscapeRight";
				IPHONEOS_DEPLOYMENT_TARGET = 16.4;
				LD_RUNPATH_SEARCH_PATHS = "@executable_path/Frameworks";
				"LD_RUNPATH_SEARCH_PATHS[sdk=macosx*]" = "@executable_path/../Frameworks";
				MACOSX_DEPLOYMENT_TARGET = 13.3;
				MARKETING_VERSION = 1.0;
				PRODUCT_BUNDLE_IDENTIFIER = non.Sphere;
				PRODUCT_NAME = "$(TARGET_NAME)";
				SDKROOT = auto;
				SUPPORTED_PLATFORMS = "iphoneos iphonesimulator macosx";
				SWIFT_EMIT_LOC_STRINGS = YES;
				SWIFT_VERSION = 5.0;
				TARGETED_DEVICE_FAMILY = "1,2";
			};
			name = Debug;
		};
		B4099F3D2AC93DA300000B65 /* Release */ = {
			isa = XCBuildConfiguration;
			buildSettings = {
				ASSETCATALOG_COMPILER_APPICON_NAME = AppIcon;
				ASSETCATALOG_COMPILER_GLOBAL_ACCENT_COLOR_NAME = AccentColor;
				CODE_SIGN_ENTITLEMENTS = Sphere/Sphere.entitlements;
				CODE_SIGN_STYLE = Automatic;
				CURRENT_PROJECT_VERSION = 1;
				DEVELOPMENT_ASSET_PATHS = "\"Sphere/Preview Content\"";
				ENABLE_PREVIEWS = YES;
				GENERATE_INFOPLIST_FILE = YES;
				"INFOPLIST_KEY_UIApplicationSceneManifest_Generation[sdk=iphoneos*]" = YES;
				"INFOPLIST_KEY_UIApplicationSceneManifest_Generation[sdk=iphonesimulator*]" = YES;
				"INFOPLIST_KEY_UIApplicationSupportsIndirectInputEvents[sdk=iphoneos*]" = YES;
				"INFOPLIST_KEY_UIApplicationSupportsIndirectInputEvents[sdk=iphonesimulator*]" = YES;
				"INFOPLIST_KEY_UILaunchScreen_Generation[sdk=iphoneos*]" = YES;
				"INFOPLIST_KEY_UILaunchScreen_Generation[sdk=iphonesimulator*]" = YES;
				"INFOPLIST_KEY_UIStatusBarStyle[sdk=iphoneos*]" = UIStatusBarStyleDefault;
				"INFOPLIST_KEY_UIStatusBarStyle[sdk=iphonesimulator*]" = UIStatusBarStyleDefault;
				INFOPLIST_KEY_UISupportedInterfaceOrientations_iPad = "UIInterfaceOrientationPortrait UIInterfaceOrientationPortraitUpsideDown UIInterfaceOrientationLandscapeLeft UIInterfaceOrientationLandscapeRight";
				INFOPLIST_KEY_UISupportedInterfaceOrientations_iPhone = "UIInterfaceOrientationPortrait UIInterfaceOrientationLandscapeLeft UIInterfaceOrientationLandscapeRight";
				IPHONEOS_DEPLOYMENT_TARGET = 16.4;
				LD_RUNPATH_SEARCH_PATHS = "@executable_path/Frameworks";
				"LD_RUNPATH_SEARCH_PATHS[sdk=macosx*]" = "@executable_path/../Frameworks";
				MACOSX_DEPLOYMENT_TARGET = 13.3;
				MARKETING_VERSION = 1.0;
				PRODUCT_BUNDLE_IDENTIFIER = non.Sphere;
				PRODUCT_NAME = "$(TARGET_NAME)";
				SDKROOT = auto;
				SUPPORTED_PLATFORMS = "iphoneos iphonesimulator macosx";
				SWIFT_EMIT_LOC_STRINGS = YES;
				SWIFT_VERSION = 5.0;
				TARGETED_DEVICE_FAMILY = "1,2";
			};
			name = Release;
		};
		B4099F3F2AC93DA300000B65 /* Debug */ = {
			isa = XCBuildConfiguration;
			buildSettings = {
				ALWAYS_EMBED_SWIFT_STANDARD_LIBRARIES = YES;
				BUNDLE_LOADER = "$(TEST_HOST)";
				CODE_SIGN_STYLE = Automatic;
				CURRENT_PROJECT_VERSION = 1;
				GENERATE_INFOPLIST_FILE = YES;
				IPHONEOS_DEPLOYMENT_TARGET = 16.4;
				MACOSX_DEPLOYMENT_TARGET = 13.3;
				MARKETING_VERSION = 1.0;
				PRODUCT_BUNDLE_IDENTIFIER = non.SphereTests;
				PRODUCT_NAME = "$(TARGET_NAME)";
				SDKROOT = auto;
				SUPPORTED_PLATFORMS = "iphoneos iphonesimulator macosx";
				SWIFT_EMIT_LOC_STRINGS = NO;
				SWIFT_VERSION = 5.0;
				TARGETED_DEVICE_FAMILY = "1,2";
				TEST_HOST = "$(BUILT_PRODUCTS_DIR)/Sphere.app/$(BUNDLE_EXECUTABLE_FOLDER_PATH)/Sphere";
			};
			name = Debug;
		};
		B4099F402AC93DA300000B65 /* Release */ = {
			isa = XCBuildConfiguration;
			buildSettings = {
				ALWAYS_EMBED_SWIFT_STANDARD_LIBRARIES = YES;
				BUNDLE_LOADER = "$(TEST_HOST)";
				CODE_SIGN_STYLE = Automatic;
				CURRENT_PROJECT_VERSION = 1;
				GENERATE_INFOPLIST_FILE = YES;
				IPHONEOS_DEPLOYMENT_TARGET = 16.4;
				MACOSX_DEPLOYMENT_TARGET = 13.3;
				MARKETING_VERSION = 1.0;
				PRODUCT_BUNDLE_IDENTIFIER = non.SphereTests;
				PRODUCT_NAME = "$(TARGET_NAME)";
				SDKROOT = auto;
				SUPPORTED_PLATFORMS = "iphoneos iphonesimulator macosx";
				SWIFT_EMIT_LOC_STRINGS = NO;
				SWIFT_VERSION = 5.0;
				TARGETED_DEVICE_FAMILY = "1,2";
				TEST_HOST = "$(BUILT_PRODUCTS_DIR)/Sphere.app/$(BUNDLE_EXECUTABLE_FOLDER_PATH)/Sphere";
			};
			name = Release;
		};
		B4099F422AC93DA300000B65 /* Debug */ = {
			isa = XCBuildConfiguration;
			buildSettings = {
				ALWAYS_EMBED_SWIFT_STANDARD_LIBRARIES = YES;
				CODE_SIGN_STYLE = Automatic;
				CURRENT_PROJECT_VERSION = 1;
				GENERATE_INFOPLIST_FILE = YES;
				IPHONEOS_DEPLOYMENT_TARGET = 16.4;
				MACOSX_DEPLOYMENT_TARGET = 13.3;
				MARKETING_VERSION = 1.0;
				PRODUCT_BUNDLE_IDENTIFIER = non.SphereUITests;
				PRODUCT_NAME = "$(TARGET_NAME)";
				SDKROOT = auto;
				SUPPORTED_PLATFORMS = "iphoneos iphonesimulator macosx";
				SWIFT_EMIT_LOC_STRINGS = NO;
				SWIFT_VERSION = 5.0;
				TARGETED_DEVICE_FAMILY = "1,2";
				TEST_TARGET_NAME = Sphere;
			};
			name = Debug;
		};
		B4099F432AC93DA300000B65 /* Release */ = {
			isa = XCBuildConfiguration;
			buildSettings = {
				ALWAYS_EMBED_SWIFT_STANDARD_LIBRARIES = YES;
				CODE_SIGN_STYLE = Automatic;
				CURRENT_PROJECT_VERSION = 1;
				GENERATE_INFOPLIST_FILE = YES;
				IPHONEOS_DEPLOYMENT_TARGET = 16.4;
				MACOSX_DEPLOYMENT_TARGET = 13.3;
				MARKETING_VERSION = 1.0;
				PRODUCT_BUNDLE_IDENTIFIER = non.SphereUITests;
				PRODUCT_NAME = "$(TARGET_NAME)";
				SDKROOT = auto;
				SUPPORTED_PLATFORMS = "iphoneos iphonesimulator macosx";
				SWIFT_EMIT_LOC_STRINGS = NO;
				SWIFT_VERSION = 5.0;
				TARGETED_DEVICE_FAMILY = "1,2";
				TEST_TARGET_NAME = Sphere;
			};
			name = Release;
		};
/* End XCBuildConfiguration section */

/* Begin XCConfigurationList section */
		B4099F112AC93DA100000B65 /* Build configuration list for PBXProject "Sphere" */ = {
			isa = XCConfigurationList;
			buildConfigurations = (
				B4099F392AC93DA300000B65 /* Debug */,
				B4099F3A2AC93DA300000B65 /* Release */,
			);
			defaultConfigurationIsVisible = 0;
			defaultConfigurationName = Release;
		};
		B4099F3B2AC93DA300000B65 /* Build configuration list for PBXNativeTarget "Sphere" */ = {
			isa = XCConfigurationList;
			buildConfigurations = (
				B4099F3C2AC93DA300000B65 /* Debug */,
				B4099F3D2AC93DA300000B65 /* Release */,
			);
			defaultConfigurationIsVisible = 0;
			defaultConfigurationName = Release;
		};
		B4099F3E2AC93DA300000B65 /* Build configuration list for PBXNativeTarget "SphereTests" */ = {
			isa = XCConfigurationList;
			buildConfigurations = (
				B4099F3F2AC93DA300000B65 /* Debug */,
				B4099F402AC93DA300000B65 /* Release */,
			);
			defaultConfigurationIsVisible = 0;
			defaultConfigurationName = Release;
		};
		B4099F412AC93DA300000B65 /* Build configuration list for PBXNativeTarget "SphereUITests" */ = {
			isa = XCConfigurationList;
			buildConfigurations = (
				B4099F422AC93DA300000B65 /* Debug */,
				B4099F432AC93DA300000B65 /* Release */,
			);
			defaultConfigurationIsVisible = 0;
			defaultConfigurationName = Release;
		};
/* End XCConfigurationList section */
	};
	rootObject = B4099F0E2AC93DA100000B65 /* Project object */;
}
